{
    "requires": true,
    "lockfileVersion": 1,
    "dependencies": {
        "flag-icon-css": {
            "version": "4.1.5",
            "resolved": "https://registry.npmjs.org/flag-icon-css/-/flag-icon-css-4.1.5.tgz",
            "integrity": "sha512-n79GW+Seau2sBgT6UF4njkAIVYktGxp133+MPvs92pbqycuFxikfpb8MOCCT0u5niybkHHVXVab19a9xNqxm0g=="
        }
    }
}
